
Microsoft Visual Studio Solution File, Format Version 12.00
# Visual Studio 2012
Project("{FAE04EC0-301F-11D3-BF4B-00C04F79EFBC}") = "HtmlAgilityPackTest", "HtmlAgilityPackTest\HtmlAgilityPackTest.csproj", "{3C528ADE-77B3-4DF7-89D4-15921A30BADD}"
EndProject
Global
	GlobalSection(SolutionConfigurationPlatforms) = preSolution
		Debug|Any CPU = Debug|Any CPU
		Release|Any CPU = Release|Any CPU
	EndGlobalSection
	GlobalSection(ProjectConfigurationPlatforms) = postSolution
		{3C528ADE-77B3-4DF7-89D4-15921A30BADD}.Debug|Any CPU.ActiveCfg = Debug|Any CPU
		{3C528ADE-77B3-4DF7-89D4-15921A30BADD}.Debug|Any CPU.Build.0 = Debug|Any CPU
		{3C528ADE-77B3-4DF7-89D4-15921A30BADD}.Release|Any CPU.ActiveCfg = Release|Any CPU
		{3C528ADE-77B3-4DF7-89D4-15921A30BADD}.Release|Any CPU.Build.0 = Release|Any CPU
	EndGlobalSection
	GlobalSection(SolutionProperties) = preSolution
		HideSolutionNode = FALSE
	EndGlobalSection
	GlobalSection(Performance) = preSolution
		HasPerformanceSessions = true
	EndGlobalSection
EndGlobal
